
Microsoft Visual Studio Solution File, Format Version 12.00
# Visual Studio 14
VisualStudioVersion = 14.0.25123.0
MinimumVisualStudioVersion = 10.0.40219.1
Project("{2150E333-8FDC-42A3-9474-1A3956D46DE8}") = "1 - Form", "1 - Form", "{7F502F6A-9D22-41EA-800F-11BA7C539947}"
EndProject
Project("{2150E333-8FDC-42A3-9474-1A3956D46DE8}") = "2 - Model", "2 - Model", "{8F554EFA-3DE9-4BAB-B7D1-53FA81AC03D7}"
EndProject
Project("{2150E333-8FDC-42A3-9474-1A3956D46DE8}") = "3 - Infra", "3 - Infra", "{BBB8D725-F6AF-44D9-A8A4-88730BB234F0}"
EndProject
Project("{2150E333-8FDC-42A3-9474-1A3956D46DE8}") = "Db", "Db", "{9EE7F945-D588-4845-8F47-C0CE4A617B1C}"
EndProject
Project("{FAE04EC0-301F-11D3-BF4B-00C04F79EFBC}") = "br.com.vinicius.projeto.analise.Model", "br.com.vinicius.projeto.analise.Model\br.com.vinicius.projeto.analise.Model.csproj", "{AC351BB9-40EC-48FB-90E7-1642A4DD3FD5}"
EndProject
Project("{FAE04EC0-301F-11D3-BF4B-00C04F79EFBC}") = "br.com.vinicius.projeto.analise.Forms", "br.com.vinicius.projeto.analise.Forms\br.com.vinicius.projeto.analise.Forms.csproj", "{7524AB82-E84D-4067-9D12-731188884D7E}"
EndProject
Project("{FAE04EC0-301F-11D3-BF4B-00C04F79EFBC}") = "br.com.vinicius.projeto.DB", "br.com.vinicius.projeto.DB\br.com.vinicius.projeto.DB.csproj", "{01B5D6D5-FF53-4CA9-8F78-08941E624F95}"
EndProject
Global
	GlobalSection(SolutionConfigurationPlatforms) = preSolution
		Debug|Any CPU = Debug|Any CPU
		Release|Any CPU = Release|Any CPU
	EndGlobalSection
	GlobalSection(ProjectConfigurationPlatforms) = postSolution
		{AC351BB9-40EC-48FB-90E7-1642A4DD3FD5}.Debug|Any CPU.ActiveCfg = Debug|Any CPU
		{AC351BB9-40EC-48FB-90E7-1642A4DD3FD5}.Debug|Any CPU.Build.0 = Debug|Any CPU
		{AC351BB9-40EC-48FB-90E7-1642A4DD3FD5}.Release|Any CPU.ActiveCfg = Release|Any CPU
		{AC351BB9-40EC-48FB-90E7-1642A4DD3FD5}.Release|Any CPU.Build.0 = Release|Any CPU
		{7524AB82-E84D-4067-9D12-731188884D7E}.Debug|Any CPU.ActiveCfg = Debug|Any CPU
		{7524AB82-E84D-4067-9D12-731188884D7E}.Debug|Any CPU.Build.0 = Debug|Any CPU
		{7524AB82-E84D-4067-9D12-731188884D7E}.Release|Any CPU.ActiveCfg = Release|Any CPU
		{7524AB82-E84D-4067-9D12-731188884D7E}.Release|Any CPU.Build.0 = Release|Any CPU
		{01B5D6D5-FF53-4CA9-8F78-08941E624F95}.Debug|Any CPU.ActiveCfg = Debug|Any CPU
		{01B5D6D5-FF53-4CA9-8F78-08941E624F95}.Debug|Any CPU.Build.0 = Debug|Any CPU
		{01B5D6D5-FF53-4CA9-8F78-08941E624F95}.Release|Any CPU.ActiveCfg = Release|Any CPU
		{01B5D6D5-FF53-4CA9-8F78-08941E624F95}.Release|Any CPU.Build.0 = Release|Any CPU
	EndGlobalSection
	GlobalSection(SolutionProperties) = preSolution
		HideSolutionNode = FALSE
	EndGlobalSection
	GlobalSection(NestedProjects) = preSolution
		{9EE7F945-D588-4845-8F47-C0CE4A617B1C} = {BBB8D725-F6AF-44D9-A8A4-88730BB234F0}
		{AC351BB9-40EC-48FB-90E7-1642A4DD3FD5} = {8F554EFA-3DE9-4BAB-B7D1-53FA81AC03D7}
		{7524AB82-E84D-4067-9D12-731188884D7E} = {7F502F6A-9D22-41EA-800F-11BA7C539947}
		{01B5D6D5-FF53-4CA9-8F78-08941E624F95} = {9EE7F945-D588-4845-8F47-C0CE4A617B1C}
	EndGlobalSection
EndGlobal
